
Microsoft Visual Studio Solution File, Format Version 12.00
# Visual Studio 15
VisualStudioVersion = 15.0.27130.2024
MinimumVisualStudioVersion = 10.0.40219.1
Project("{2150E333-8FDC-42A3-9474-1A3956D46DE8}") = "Engine", "Engine", "{1C3084CD-845C-48D4-AFE6-6D1901A59F19}"
EndProject
Project("{2150E333-8FDC-42A3-9474-1A3956D46DE8}") = "Games", "Games", "{3AE47D83-3B30-4A2A-8542-E8C1FBDD3A02}"
EndProject
Project("{8BC9CEB8-8B4A-11D0-8D11-00A0C91BC942}") = "UE4", "Intermediate\ProjectFiles\UE4.vcxproj", "{DC32AC8B-AF67-4ECF-BB8D-C45465CE96D5}"
EndProject
Project("{8BC9CEB8-8B4A-11D0-8D11-00A0C91BC942}") = "TestProject", "Intermediate\ProjectFiles\TestProject.vcxproj", "{544B807C-07DD-4FA2-9940-66C1FA946EBC}"
EndProject
Global
	GlobalSection(SolutionConfigurationPlatforms) = preSolution
		DebugGame Editor|HTML5 = DebugGame Editor|HTML5
		DebugGame Editor|Win32 = DebugGame Editor|Win32
		DebugGame Editor|Win64 = DebugGame Editor|Win64
		DebugGame|HTML5 = DebugGame|HTML5
		DebugGame|Win32 = DebugGame|Win32
		DebugGame|Win64 = DebugGame|Win64
		Development Editor|HTML5 = Development Editor|HTML5
		Development Editor|Win32 = Development Editor|Win32
		Development Editor|Win64 = Development Editor|Win64
		Development|HTML5 = Development|HTML5
		Development|Win32 = Development|Win32
		Development|Win64 = Development|Win64
		Shipping|HTML5 = Shipping|HTML5
		Shipping|Win32 = Shipping|Win32
		Shipping|Win64 = Shipping|Win64
	EndGlobalSection
	GlobalSection(ProjectConfigurationPlatforms) = postSolution
		{DC32AC8B-AF67-4ECF-BB8D-C45465CE96D5}.DebugGame Editor|HTML5.ActiveCfg = BuiltWithUnrealBuildTool|Win32
		{DC32AC8B-AF67-4ECF-BB8D-C45465CE96D5}.DebugGame Editor|HTML5.Build.0 = BuiltWithUnrealBuildTool|Win32
		{DC32AC8B-AF67-4ECF-BB8D-C45465CE96D5}.DebugGame Editor|Win32.ActiveCfg = BuiltWithUnrealBuildTool|Win32
		{DC32AC8B-AF67-4ECF-BB8D-C45465CE96D5}.DebugGame Editor|Win32.Build.0 = BuiltWithUnrealBuildTool|Win32
		{DC32AC8B-AF67-4ECF-BB8D-C45465CE96D5}.DebugGame Editor|Win64.ActiveCfg = BuiltWithUnrealBuildTool|Win32
		{DC32AC8B-AF67-4ECF-BB8D-C45465CE96D5}.DebugGame Editor|Win64.Build.0 = BuiltWithUnrealBuildTool|Win32
		{DC32AC8B-AF67-4ECF-BB8D-C45465CE96D5}.DebugGame|HTML5.ActiveCfg = BuiltWithUnrealBuildTool|Win32
		{DC32AC8B-AF67-4ECF-BB8D-C45465CE96D5}.DebugGame|HTML5.Build.0 = BuiltWithUnrealBuildTool|Win32
		{DC32AC8B-AF67-4ECF-BB8D-C45465CE96D5}.DebugGame|Win32.ActiveCfg = BuiltWithUnrealBuildTool|Win32
		{DC32AC8B-AF67-4ECF-BB8D-C45465CE96D5}.DebugGame|Win32.Build.0 = BuiltWithUnrealBuildTool|Win32
		{DC32AC8B-AF67-4ECF-BB8D-C45465CE96D5}.DebugGame|Win64.ActiveCfg = BuiltWithUnrealBuildTool|Win32
		{DC32AC8B-AF67-4ECF-BB8D-C45465CE96D5}.DebugGame|Win64.Build.0 = BuiltWithUnrealBuildTool|Win32
		{DC32AC8B-AF67-4ECF-BB8D-C45465CE96D5}.Development Editor|HTML5.ActiveCfg = BuiltWithUnrealBuildTool|Win32
		{DC32AC8B-AF67-4ECF-BB8D-C45465CE96D5}.Development Editor|HTML5.Build.0 = BuiltWithUnrealBuildTool|Win32
		{DC32AC8B-AF67-4ECF-BB8D-C45465CE96D5}.Development Editor|Win32.ActiveCfg = BuiltWithUnrealBuildTool|Win32
		{DC32AC8B-AF67-4ECF-BB8D-C45465CE96D5}.Development Editor|Win32.Build.0 = BuiltWithUnrealBuildTool|Win32
		{DC32AC8B-AF67-4ECF-BB8D-C45465CE96D5}.Development Editor|Win64.ActiveCfg = BuiltWithUnrealBuildTool|Win32
		{DC32AC8B-AF67-4ECF-BB8D-C45465CE96D5}.Development Editor|Win64.Build.0 = BuiltWithUnrealBuildTool|Win32
		{DC32AC8B-AF67-4ECF-BB8D-C45465CE96D5}.Development|HTML5.ActiveCfg = BuiltWithUnrealBuildTool|Win32
		{DC32AC8B-AF67-4ECF-BB8D-C45465CE96D5}.Development|HTML5.Build.0 = BuiltWithUnrealBuildTool|Win32
		{DC32AC8B-AF67-4ECF-BB8D-C45465CE96D5}.Development|Win32.ActiveCfg = BuiltWithUnrealBuildTool|Win32
		{DC32AC8B-AF67-4ECF-BB8D-C45465CE96D5}.Development|Win32.Build.0 = BuiltWithUnrealBuildTool|Win32
		{DC32AC8B-AF67-4ECF-BB8D-C45465CE96D5}.Development|Win64.ActiveCfg = BuiltWithUnrealBuildTool|Win32
		{DC32AC8B-AF67-4ECF-BB8D-C45465CE96D5}.Development|Win64.Build.0 = BuiltWithUnrealBuildTool|Win32
		{DC32AC8B-AF67-4ECF-BB8D-C45465CE96D5}.Shipping|HTML5.ActiveCfg = BuiltWithUnrealBuildTool|Win32
		{DC32AC8B-AF67-4ECF-BB8D-C45465CE96D5}.Shipping|HTML5.Build.0 = BuiltWithUnrealBuildTool|Win32
		{DC32AC8B-AF67-4ECF-BB8D-C45465CE96D5}.Shipping|Win32.ActiveCfg = BuiltWithUnrealBuildTool|Win32
		{DC32AC8B-AF67-4ECF-BB8D-C45465CE96D5}.Shipping|Win32.Build.0 = BuiltWithUnrealBuildTool|Win32
		{DC32AC8B-AF67-4ECF-BB8D-C45465CE96D5}.Shipping|Win64.ActiveCfg = BuiltWithUnrealBuildTool|Win32
		{DC32AC8B-AF67-4ECF-BB8D-C45465CE96D5}.Shipping|Win64.Build.0 = BuiltWithUnrealBuildTool|Win32
		{544B807C-07DD-4FA2-9940-66C1FA946EBC}.DebugGame Editor|HTML5.ActiveCfg = HTML5_DebugGame_Editor|Win32
		{544B807C-07DD-4FA2-9940-66C1FA946EBC}.DebugGame Editor|Win32.ActiveCfg = DebugGame_Editor|Win32
		{544B807C-07DD-4FA2-9940-66C1FA946EBC}.DebugGame Editor|Win64.ActiveCfg = DebugGame_Editor|x64
		{544B807C-07DD-4FA2-9940-66C1FA946EBC}.DebugGame Editor|Win64.Build.0 = DebugGame_Editor|x64
		{544B807C-07DD-4FA2-9940-66C1FA946EBC}.DebugGame|HTML5.ActiveCfg = HTML5_DebugGame_Game|Win32
		{544B807C-07DD-4FA2-9940-66C1FA946EBC}.DebugGame|HTML5.Build.0 = HTML5_DebugGame_Game|Win32
		{544B807C-07DD-4FA2-9940-66C1FA946EBC}.DebugGame|Win32.ActiveCfg = DebugGame_Game|Win32
		{544B807C-07DD-4FA2-9940-66C1FA946EBC}.DebugGame|Win32.Build.0 = DebugGame_Game|Win32
		{544B807C-07DD-4FA2-9940-66C1FA946EBC}.DebugGame|Win64.ActiveCfg = DebugGame_Game|x64
		{544B807C-07DD-4FA2-9940-66C1FA946EBC}.DebugGame|Win64.Build.0 = DebugGame_Game|x64
		{544B807C-07DD-4FA2-9940-66C1FA946EBC}.Development Editor|HTML5.ActiveCfg = HTML5_Development_Editor|Win32
		{544B807C-07DD-4FA2-9940-66C1FA946EBC}.Development Editor|Win32.ActiveCfg = Development_Editor|Win32
		{544B807C-07DD-4FA2-9940-66C1FA946EBC}.Development Editor|Win64.ActiveCfg = Development_Editor|x64
		{544B807C-07DD-4FA2-9940-66C1FA946EBC}.Development Editor|Win64.Build.0 = Development_Editor|x64
		{544B807C-07DD-4FA2-9940-66C1FA946EBC}.Development|HTML5.ActiveCfg = HTML5_Development_Game|Win32
		{544B807C-07DD-4FA2-9940-66C1FA946EBC}.Development|HTML5.Build.0 = HTML5_Development_Game|Win32
		{544B807C-07DD-4FA2-9940-66C1FA946EBC}.Development|Win32.ActiveCfg = Development_Game|Win32
		{544B807C-07DD-4FA2-9940-66C1FA946EBC}.Development|Win32.Build.0 = Development_Game|Win32
		{544B807C-07DD-4FA2-9940-66C1FA946EBC}.Development|Win64.ActiveCfg = Development_Game|x64
		{544B807C-07DD-4FA2-9940-66C1FA946EBC}.Development|Win64.Build.0 = Development_Game|x64
		{544B807C-07DD-4FA2-9940-66C1FA946EBC}.Shipping|HTML5.ActiveCfg = HTML5_Shipping_Game|Win32
		{544B807C-07DD-4FA2-9940-66C1FA946EBC}.Shipping|HTML5.Build.0 = HTML5_Shipping_Game|Win32
		{544B807C-07DD-4FA2-9940-66C1FA946EBC}.Shipping|Win32.ActiveCfg = Shipping_Game|Win32
		{544B807C-07DD-4FA2-9940-66C1FA946EBC}.Shipping|Win32.Build.0 = Shipping_Game|Win32
		{544B807C-07DD-4FA2-9940-66C1FA946EBC}.Shipping|Win64.ActiveCfg = Shipping_Game|x64
		{544B807C-07DD-4FA2-9940-66C1FA946EBC}.Shipping|Win64.Build.0 = Shipping_Game|x64
	EndGlobalSection
	GlobalSection(SolutionProperties) = preSolution
		HideSolutionNode = FALSE
	EndGlobalSection
	GlobalSection(NestedProjects) = preSolution
		{DC32AC8B-AF67-4ECF-BB8D-C45465CE96D5} = {1C3084CD-845C-48D4-AFE6-6D1901A59F19}
		{544B807C-07DD-4FA2-9940-66C1FA946EBC} = {3AE47D83-3B30-4A2A-8542-E8C1FBDD3A02}
	EndGlobalSection
	GlobalSection(ExtensibilityGlobals) = postSolution
		SolutionGuid = {F0BABD10-8D4C-416C-BBFE-6008393CE31B}
	EndGlobalSection
EndGlobal
